
Microsoft Visual Studio Solution File, Format Version 12.00
# Visual Studio 2012
Project("{FAE04EC0-301F-11D3-BF4B-00C04F79EFBC}") = "MainPrj", "MainPrj\MainPrj.csproj", "{F7CA7A2D-487D-4284-9DFF-FA570F14425F}"
EndProject
Project("{FAE04EC0-301F-11D3-BF4B-00C04F79EFBC}") = "AutoUpdater.NET", "AutoUpdater.NET\AutoUpdater.NET.csproj", "{FB9E7E6B-B19F-4F37-A708-2996190CEF13}"
EndProject
Project("{FAE04EC0-301F-11D3-BF4B-00C04F79EFBC}") = "Launcher", "Launcher\Launcher.csproj", "{A2EC8CE2-B21B-4003-B1A4-9093B4E5F377}"
EndProject
Global
	GlobalSection(SolutionConfigurationPlatforms) = preSolution
		CD_ROM|Any CPU = CD_ROM|Any CPU
		Debug|Any CPU = Debug|Any CPU
		DVD-5|Any CPU = DVD-5|Any CPU
		Release|Any CPU = Release|Any CPU
		SingleImage|Any CPU = SingleImage|Any CPU
	EndGlobalSection
	GlobalSection(ProjectConfigurationPlatforms) = postSolution
		{F7CA7A2D-487D-4284-9DFF-FA570F14425F}.CD_ROM|Any CPU.ActiveCfg = Release|Any CPU
		{F7CA7A2D-487D-4284-9DFF-FA570F14425F}.CD_ROM|Any CPU.Build.0 = Release|Any CPU
		{F7CA7A2D-487D-4284-9DFF-FA570F14425F}.Debug|Any CPU.ActiveCfg = Debug|Any CPU
		{F7CA7A2D-487D-4284-9DFF-FA570F14425F}.Debug|Any CPU.Build.0 = Debug|Any CPU
		{F7CA7A2D-487D-4284-9DFF-FA570F14425F}.DVD-5|Any CPU.ActiveCfg = Debug|Any CPU
		{F7CA7A2D-487D-4284-9DFF-FA570F14425F}.DVD-5|Any CPU.Build.0 = Debug|Any CPU
		{F7CA7A2D-487D-4284-9DFF-FA570F14425F}.Release|Any CPU.ActiveCfg = Release|Any CPU
		{F7CA7A2D-487D-4284-9DFF-FA570F14425F}.Release|Any CPU.Build.0 = Release|Any CPU
		{F7CA7A2D-487D-4284-9DFF-FA570F14425F}.SingleImage|Any CPU.ActiveCfg = Release|Any CPU
		{F7CA7A2D-487D-4284-9DFF-FA570F14425F}.SingleImage|Any CPU.Build.0 = Release|Any CPU
		{FB9E7E6B-B19F-4F37-A708-2996190CEF13}.CD_ROM|Any CPU.ActiveCfg = Release|Any CPU
		{FB9E7E6B-B19F-4F37-A708-2996190CEF13}.CD_ROM|Any CPU.Build.0 = Release|Any CPU
		{FB9E7E6B-B19F-4F37-A708-2996190CEF13}.Debug|Any CPU.ActiveCfg = Debug|Any CPU
		{FB9E7E6B-B19F-4F37-A708-2996190CEF13}.Debug|Any CPU.Build.0 = Debug|Any CPU
		{FB9E7E6B-B19F-4F37-A708-2996190CEF13}.DVD-5|Any CPU.ActiveCfg = Debug|Any CPU
		{FB9E7E6B-B19F-4F37-A708-2996190CEF13}.DVD-5|Any CPU.Build.0 = Debug|Any CPU
		{FB9E7E6B-B19F-4F37-A708-2996190CEF13}.Release|Any CPU.ActiveCfg = Release|Any CPU
		{FB9E7E6B-B19F-4F37-A708-2996190CEF13}.Release|Any CPU.Build.0 = Release|Any CPU
		{FB9E7E6B-B19F-4F37-A708-2996190CEF13}.SingleImage|Any CPU.ActiveCfg = Release|Any CPU
		{FB9E7E6B-B19F-4F37-A708-2996190CEF13}.SingleImage|Any CPU.Build.0 = Release|Any CPU
		{A2EC8CE2-B21B-4003-B1A4-9093B4E5F377}.CD_ROM|Any CPU.ActiveCfg = Release|Any CPU
		{A2EC8CE2-B21B-4003-B1A4-9093B4E5F377}.CD_ROM|Any CPU.Build.0 = Release|Any CPU
		{A2EC8CE2-B21B-4003-B1A4-9093B4E5F377}.Debug|Any CPU.ActiveCfg = Debug|Any CPU
		{A2EC8CE2-B21B-4003-B1A4-9093B4E5F377}.Debug|Any CPU.Build.0 = Debug|Any CPU
		{A2EC8CE2-B21B-4003-B1A4-9093B4E5F377}.DVD-5|Any CPU.ActiveCfg = Debug|Any CPU
		{A2EC8CE2-B21B-4003-B1A4-9093B4E5F377}.DVD-5|Any CPU.Build.0 = Debug|Any CPU
		{A2EC8CE2-B21B-4003-B1A4-9093B4E5F377}.Release|Any CPU.ActiveCfg = Release|Any CPU
		{A2EC8CE2-B21B-4003-B1A4-9093B4E5F377}.Release|Any CPU.Build.0 = Release|Any CPU
		{A2EC8CE2-B21B-4003-B1A4-9093B4E5F377}.SingleImage|Any CPU.ActiveCfg = Release|Any CPU
		{A2EC8CE2-B21B-4003-B1A4-9093B4E5F377}.SingleImage|Any CPU.Build.0 = Release|Any CPU
	EndGlobalSection
	GlobalSection(SolutionProperties) = preSolution
		HideSolutionNode = FALSE
	EndGlobalSection
EndGlobal
